
Microsoft Visual Studio Solution File, Format Version 12.00
# Visual Studio Version 16
VisualStudioVersion = 16.0.30717.126
MinimumVisualStudioVersion = 10.0.40219.1
Project("{9A19103F-16F7-4668-BE54-9A1E7A4F7556}") = "SysMatur.Api", "api\SysMatur.Api.csproj", "{DC4B8615-7F35-4C16-AF75-FEAD1066E059}"
EndProject
Project("{FAE04EC0-301F-11D3-BF4B-00C04F79EFBC}") = "SysMatur.Data", "DatabaseModel\SysMatur.Data.csproj", "{B98F387C-5C85-438D-87D9-C0B62D356727}"
EndProject
Global
	GlobalSection(SolutionConfigurationPlatforms) = preSolution
		Debug|Any CPU = Debug|Any CPU
		Release|Any CPU = Release|Any CPU
	EndGlobalSection
	GlobalSection(ProjectConfigurationPlatforms) = postSolution
		{DC4B8615-7F35-4C16-AF75-FEAD1066E059}.Debug|Any CPU.ActiveCfg = Debug|Any CPU
		{DC4B8615-7F35-4C16-AF75-FEAD1066E059}.Debug|Any CPU.Build.0 = Debug|Any CPU
		{DC4B8615-7F35-4C16-AF75-FEAD1066E059}.Release|Any CPU.ActiveCfg = Release|Any CPU
		{DC4B8615-7F35-4C16-AF75-FEAD1066E059}.Release|Any CPU.Build.0 = Release|Any CPU
		{B98F387C-5C85-438D-87D9-C0B62D356727}.Debug|Any CPU.ActiveCfg = Debug|Any CPU
		{B98F387C-5C85-438D-87D9-C0B62D356727}.Debug|Any CPU.Build.0 = Debug|Any CPU
		{B98F387C-5C85-438D-87D9-C0B62D356727}.Release|Any CPU.ActiveCfg = Release|Any CPU
		{B98F387C-5C85-438D-87D9-C0B62D356727}.Release|Any CPU.Build.0 = Release|Any CPU
	EndGlobalSection
	GlobalSection(SolutionProperties) = preSolution
		HideSolutionNode = FALSE
	EndGlobalSection
	GlobalSection(ExtensibilityGlobals) = postSolution
		SolutionGuid = {23B26C8E-1DA5-4132-AA11-DCBBF60F52B5}
	EndGlobalSection
EndGlobal
