
Microsoft Visual Studio Solution File, Format Version 12.00
Project("{FAE04EC0-301F-11D3-BF4B-00C04F79EFBC}") = "BackEndAPI", "BackEndAPI\BackEndAPI.csproj", "{88E29EE9-F766-4D66-91AD-FF41F4770191}"
EndProject
Project("{FAE04EC0-301F-11D3-BF4B-00C04F79EFBC}") = "DatabaseModel", "DatabaseModel\DatabaseModel.csproj", "{2A1A62C9-49BA-4E60-846E-B2DB6A6FCA43}"
EndProject
Global
	GlobalSection(SolutionConfigurationPlatforms) = preSolution
		Debug|Any CPU = Debug|Any CPU
		Release|Any CPU = Release|Any CPU
	EndGlobalSection
	GlobalSection(ProjectConfigurationPlatforms) = postSolution
		{88E29EE9-F766-4D66-91AD-FF41F4770191}.Debug|Any CPU.ActiveCfg = Debug|Any CPU
		{88E29EE9-F766-4D66-91AD-FF41F4770191}.Debug|Any CPU.Build.0 = Debug|Any CPU
		{88E29EE9-F766-4D66-91AD-FF41F4770191}.Release|Any CPU.ActiveCfg = Release|Any CPU
		{88E29EE9-F766-4D66-91AD-FF41F4770191}.Release|Any CPU.Build.0 = Release|Any CPU
		{2A1A62C9-49BA-4E60-846E-B2DB6A6FCA43}.Debug|Any CPU.ActiveCfg = Debug|Any CPU
		{2A1A62C9-49BA-4E60-846E-B2DB6A6FCA43}.Debug|Any CPU.Build.0 = Debug|Any CPU
		{2A1A62C9-49BA-4E60-846E-B2DB6A6FCA43}.Release|Any CPU.ActiveCfg = Release|Any CPU
		{2A1A62C9-49BA-4E60-846E-B2DB6A6FCA43}.Release|Any CPU.Build.0 = Release|Any CPU
	EndGlobalSection
EndGlobal
